
Microsoft Visual Studio Solution File, Format Version 12.00
# Visual Studio Version 17
VisualStudioVersion = 17.3.32901.215
MinimumVisualStudioVersion = 10.0.40219.1
Project("{FAE04EC0-301F-11D3-BF4B-00C04F79EFBC}") = "AOC", "AOC.csproj", "{F4912199-65AC-4FF7-8E72-A06843DA9E37}"
EndProject
Global
	GlobalSection(SolutionConfigurationPlatforms) = preSolution
		Debug|Any CPU = Debug|Any CPU
		Release|Any CPU = Release|Any CPU
	EndGlobalSection
	GlobalSection(ProjectConfigurationPlatforms) = postSolution
		{F4912199-65AC-4FF7-8E72-A06843DA9E37}.Debug|Any CPU.ActiveCfg = Debug|Any CPU
		{F4912199-65AC-4FF7-8E72-A06843DA9E37}.Debug|Any CPU.Build.0 = Debug|Any CPU
		{F4912199-65AC-4FF7-8E72-A06843DA9E37}.Release|Any CPU.ActiveCfg = Release|Any CPU
		{F4912199-65AC-4FF7-8E72-A06843DA9E37}.Release|Any CPU.Build.0 = Release|Any CPU
	EndGlobalSection
	GlobalSection(SolutionProperties) = preSolution
		HideSolutionNode = FALSE
	EndGlobalSection
	GlobalSection(ExtensibilityGlobals) = postSolution
		SolutionGuid = {89FB4CB3-32E2-4AC6-85C2-CB5A7443ACCF}
	EndGlobalSection
EndGlobal
